// !$*UTF8*$!
{
	archiveVersion = 1;
	classes = {
	};
	objectVersion = 56;
	objects = {

/* Begin PBXBuildFile section */
		DF943B252B67D56200889651 /* AppDelegate.swift in Sources */ = {isa = PBXBuildFile; fileRef = DF943B242B67D56200889651 /* AppDelegate.swift */; };
		DF943B272B67D56200889651 /* SceneDelegate.swift in Sources */ = {isa = PBXBuildFile; fileRef = DF943B262B67D56200889651 /* SceneDelegate.swift */; };
		DF943B2C2B67D56200889651 /* Main.storyboard in Resources */ = {isa = PBXBuildFile; fileRef = DF943B2A2B67D56200889651 /* Main.storyboard */; };
		DF943B2E2B67D56400889651 /* Assets.xcassets in Resources */ = {isa = PBXBuildFile; fileRef = DF943B2D2B67D56400889651 /* Assets.xcassets */; };
		DF943B312B67D56400889651 /* LaunchScreen.storyboard in Resources */ = {isa = PBXBuildFile; fileRef = DF943B2F2B67D56400889651 /* LaunchScreen.storyboard */; };
		DF943B392B67D5EA00889651 /* OnboardingViewController.swift in Sources */ = {isa = PBXBuildFile; fileRef = DF943B382B67D5EA00889651 /* OnboardingViewController.swift */; };
		DF943B3D2B67D83C00889651 /* UIViewController+Extension.swift in Sources */ = {isa = PBXBuildFile; fileRef = DF943B3C2B67D83C00889651 /* UIViewController+Extension.swift */; };
		DF943B412B67D9F200889651 /* ConfigureUI.swift in Sources */ = {isa = PBXBuildFile; fileRef = DF943B402B67D9F200889651 /* ConfigureUI.swift */; };
		DF943B462B67DB5400889651 /* SnapKit in Frameworks */ = {isa = PBXBuildFile; productRef = DF943B452B67DB5400889651 /* SnapKit */; };
		DF943B482B67DB5400889651 /* SnapKit-Dynamic in Frameworks */ = {isa = PBXBuildFile; productRef = DF943B472B67DB5400889651 /* SnapKit-Dynamic */; };
		DF943B4A2B67DFDA00889651 /* PointButton.swift in Sources */ = {isa = PBXBuildFile; fileRef = DF943B492B67DFDA00889651 /* PointButton.swift */; };
		DF943B4D2B67E63800889651 /* ColorEnum.swift in Sources */ = {isa = PBXBuildFile; fileRef = DF943B4C2B67E63800889651 /* ColorEnum.swift */; };
		DF943B4F2B67EC5100889651 /* ProfileView.swift in Sources */ = {isa = PBXBuildFile; fileRef = DF943B4E2B67EC5100889651 /* ProfileView.swift */; };
/* End PBXBuildFile section */

/* Begin PBXFileReference section */
		DF943B212B67D56200889651 /* SeSACCodeBaseRecap.app */ = {isa = PBXFileReference; explicitFileType = wrapper.application; includeInIndex = 0; path = SeSACCodeBaseRecap.app; sourceTree = BUILT_PRODUCTS_DIR; };
		DF943B242B67D56200889651 /* AppDelegate.swift */ = {isa = PBXFileReference; lastKnownFileType = sourcecode.swift; path = AppDelegate.swift; sourceTree = "<group>"; };
		DF943B262B67D56200889651 /* SceneDelegate.swift */ = {isa = PBXFileReference; lastKnownFileType = sourcecode.swift; path = SceneDelegate.swift; sourceTree = "<group>"; };
		DF943B2B2B67D56200889651 /* Base */ = {isa = PBXFileReference; lastKnownFileType = file.storyboard; name = Base; path = Base.lproj/Main.storyboard; sourceTree = "<group>"; };
		DF943B2D2B67D56400889651 /* Assets.xcassets */ = {isa = PBXFileReference; lastKnownFileType = folder.assetcatalog; path = Assets.xcassets; sourceTree = "<group>"; };
		DF943B302B67D56400889651 /* Base */ = {isa = PBXFileReference; lastKnownFileType = file.storyboard; name = Base; path = Base.lproj/LaunchScreen.storyboard; sourceTree = "<group>"; };
		DF943B322B67D56400889651 /* Info.plist */ = {isa = PBXFileReference; lastKnownFileType = text.plist.xml; path = Info.plist; sourceTree = "<group>"; };
		DF943B382B67D5EA00889651 /* OnboardingViewController.swift */ = {isa = PBXFileReference; lastKnownFileType = sourcecode.swift; path = OnboardingViewController.swift; sourceTree = "<group>"; };
		DF943B3C2B67D83C00889651 /* UIViewController+Extension.swift */ = {isa = PBXFileReference; lastKnownFileType = sourcecode.swift; path = "UIViewController+Extension.swift"; sourceTree = "<group>"; };
		DF943B402B67D9F200889651 /* ConfigureUI.swift */ = {isa = PBXFileReference; lastKnownFileType = sourcecode.swift; path = ConfigureUI.swift; sourceTree = "<group>"; };
		DF943B492B67DFDA00889651 /* PointButton.swift */ = {isa = PBXFileReference; lastKnownFileType = sourcecode.swift; path = PointButton.swift; sourceTree = "<group>"; };
		DF943B4C2B67E63800889651 /* ColorEnum.swift */ = {isa = PBXFileReference; lastKnownFileType = sourcecode.swift; path = ColorEnum.swift; sourceTree = "<group>"; };
		DF943B4E2B67EC5100889651 /* ProfileView.swift */ = {isa = PBXFileReference; lastKnownFileType = sourcecode.swift; path = ProfileView.swift; sourceTree = "<group>"; };
/* End PBXFileReference section */

/* Begin PBXFrameworksBuildPhase section */
		DF943B1E2B67D56200889651 /* Frameworks */ = {
			isa = PBXFrameworksBuildPhase;
			buildActionMask = 2147483647;
			files = (
				DF943B462B67DB5400889651 /* SnapKit in Frameworks */,
				DF943B482B67DB5400889651 /* SnapKit-Dynamic in Frameworks */,
			);
			runOnlyForDeploymentPostprocessing = 0;
		};
/* End PBXFrameworksBuildPhase section */

/* Begin PBXGroup section */
		DF943B182B67D56200889651 = {
			isa = PBXGroup;
			children = (
				DF943B232B67D56200889651 /* SeSACCodeBaseRecap */,
				DF943B222B67D56200889651 /* Products */,
			);
			sourceTree = "<group>";
		};
		DF943B222B67D56200889651 /* Products */ = {
			isa = PBXGroup;
			children = (
				DF943B212B67D56200889651 /* SeSACCodeBaseRecap.app */,
			);
			name = Products;
			sourceTree = "<group>";
		};
		DF943B232B67D56200889651 /* SeSACCodeBaseRecap */ = {
			isa = PBXGroup;
			children = (
				DF943B4B2B67DFDF00889651 /* SubClass */,
				DF943B432B67DAB500889651 /* Extension */,
				DF943B422B67DAAD00889651 /* Protocol */,
				DF943B242B67D56200889651 /* AppDelegate.swift */,
				DF943B262B67D56200889651 /* SceneDelegate.swift */,
				DF943B2A2B67D56200889651 /* Main.storyboard */,
				DF943B2D2B67D56400889651 /* Assets.xcassets */,
				DF943B2F2B67D56400889651 /* LaunchScreen.storyboard */,
				DF943B322B67D56400889651 /* Info.plist */,
				DF943B382B67D5EA00889651 /* OnboardingViewController.swift */,
				DF943B4C2B67E63800889651 /* ColorEnum.swift */,
			);
			path = SeSACCodeBaseRecap;
			sourceTree = "<group>";
		};
		DF943B422B67DAAD00889651 /* Protocol */ = {
			isa = PBXGroup;
			children = (
				DF943B402B67D9F200889651 /* ConfigureUI.swift */,
			);
			path = Protocol;
			sourceTree = "<group>";
		};
		DF943B432B67DAB500889651 /* Extension */ = {
			isa = PBXGroup;
			children = (
				DF943B3C2B67D83C00889651 /* UIViewController+Extension.swift */,
			);
			path = Extension;
			sourceTree = "<group>";
		};
		DF943B4B2B67DFDF00889651 /* SubClass */ = {
			isa = PBXGroup;
			children = (
				DF943B492B67DFDA00889651 /* PointButton.swift */,
				DF943B4E2B67EC5100889651 /* ProfileView.swift */,
			);
			path = SubClass;
			sourceTree = "<group>";
		};
/* End PBXGroup section */

/* Begin PBXNativeTarget section */
		DF943B202B67D56200889651 /* SeSACCodeBaseRecap */ = {
			isa = PBXNativeTarget;
			buildConfigurationList = DF943B352B67D56400889651 /* Build configuration list for PBXNativeTarget "SeSACCodeBaseRecap" */;
			buildPhases = (
				DF943B1D2B67D56200889651 /* Sources */,
				DF943B1E2B67D56200889651 /* Frameworks */,
				DF943B1F2B67D56200889651 /* Resources */,
			);
			buildRules = (
			);
			dependencies = (
			);
			name = SeSACCodeBaseRecap;
			packageProductDependencies = (
				DF943B452B67DB5400889651 /* SnapKit */,
				DF943B472B67DB5400889651 /* SnapKit-Dynamic */,
			);
			productName = SeSACCodeBaseRecap;
			productReference = DF943B212B67D56200889651 /* SeSACCodeBaseRecap.app */;
			productType = "com.apple.product-type.application";
		};
/* End PBXNativeTarget section */

/* Begin PBXProject section */
		DF943B192B67D56200889651 /* Project object */ = {
			isa = PBXProject;
			attributes = {
				BuildIndependentTargetsInParallel = 1;
				LastSwiftUpdateCheck = 1520;
				LastUpgradeCheck = 1520;
				TargetAttributes = {
					DF943B202B67D56200889651 = {
						CreatedOnToolsVersion = 15.2;
					};
				};
			};
			buildConfigurationList = DF943B1C2B67D56200889651 /* Build configuration list for PBXProject "SeSACCodeBaseRecap" */;
			compatibilityVersion = "Xcode 14.0";
			developmentRegion = en;
			hasScannedForEncodings = 0;
			knownRegions = (
				en,
				Base,
			);
			mainGroup = DF943B182B67D56200889651;
			packageReferences = (
				DF943B442B67DB5400889651 /* XCRemoteSwiftPackageReference "SnapKit" */,
			);
			productRefGroup = DF943B222B67D56200889651 /* Products */;
			projectDirPath = "";
			projectRoot = "";
			targets = (
				DF943B202B67D56200889651 /* SeSACCodeBaseRecap */,
			);
		};
/* End PBXProject section */

/* Begin PBXResourcesBuildPhase section */
		DF943B1F2B67D56200889651 /* Resources */ = {
			isa = PBXResourcesBuildPhase;
			buildActionMask = 2147483647;
			files = (
				DF943B312B67D56400889651 /* LaunchScreen.storyboard in Resources */,
				DF943B2E2B67D56400889651 /* Assets.xcassets in Resources */,
				DF943B2C2B67D56200889651 /* Main.storyboard in Resources */,
			);
			runOnlyForDeploymentPostprocessing = 0;
		};
/* End PBXResourcesBuildPhase section */

/* Begin PBXSourcesBuildPhase section */
		DF943B1D2B67D56200889651 /* Sources */ = {
			isa = PBXSourcesBuildPhase;
			buildActionMask = 2147483647;
			files = (
				DF943B4F2B67EC5100889651 /* ProfileView.swift in Sources */,
				DF943B3D2B67D83C00889651 /* UIViewController+Extension.swift in Sources */,
				DF943B252B67D56200889651 /* AppDelegate.swift in Sources */,
				DF943B4A2B67DFDA00889651 /* PointButton.swift in Sources */,
				DF943B412B67D9F200889651 /* ConfigureUI.swift in Sources */,
				DF943B392B67D5EA00889651 /* OnboardingViewController.swift in Sources */,
				DF943B4D2B67E63800889651 /* ColorEnum.swift in Sources */,
				DF943B272B67D56200889651 /* SceneDelegate.swift in Sources */,
			);
			runOnlyForDeploymentPostprocessing = 0;
		};
/* End PBXSourcesBuildPhase section */

/* Begin PBXVariantGroup section */
		DF943B2A2B67D56200889651 /* Main.storyboard */ = {
			isa = PBXVariantGroup;
			children = (
				DF943B2B2B67D56200889651 /* Base */,
			);
			name = Main.storyboard;
			sourceTree = "<group>";
		};
		DF943B2F2B67D56400889651 /* LaunchScreen.storyboard */ = {
			isa = PBXVariantGroup;
			children = (
				DF943B302B67D56400889651 /* Base */,
			);
			name = LaunchScreen.storyboard;
			sourceTree = "<group>";
		};
/* End PBXVariantGroup section */

/* Begin XCBuildConfiguration section */
		DF943B332B67D56400889651 /* Debug */ = {
			isa = XCBuildConfiguration;
			buildSettings = {
				ALWAYS_SEARCH_USER_PATHS = NO;
				ASSETCATALOG_COMPILER_GENERATE_SWIFT_ASSET_SYMBOL_EXTENSIONS = YES;
				CLANG_ANALYZER_NONNULL = YES;
				CLANG_ANALYZER_NUMBER_OBJECT_CONVERSION = YES_AGGRESSIVE;
				CLANG_CXX_LANGUAGE_STANDARD = "gnu++20";
				CLANG_ENABLE_MODULES = YES;
				CLANG_ENABLE_OBJC_ARC = YES;
				CLANG_ENABLE_OBJC_WEAK = YES;
				CLANG_WARN_BLOCK_CAPTURE_AUTORELEASING = YES;
				CLANG_WARN_BOOL_CONVERSION = YES;
				CLANG_WARN_COMMA = YES;
				CLANG_WARN_CONSTANT_CONVERSION = YES;
				CLANG_WARN_DEPRECATED_OBJC_IMPLEMENTATIONS = YES;
				CLANG_WARN_DIRECT_OBJC_ISA_USAGE = YES_ERROR;
				CLANG_WARN_DOCUMENTATION_COMMENTS = YES;
				CLANG_WARN_EMPTY_BODY = YES;
				CLANG_WARN_ENUM_CONVERSION = YES;
				CLANG_WARN_INFINITE_RECURSION = YES;
				CLANG_WARN_INT_CONVERSION = YES;
				CLANG_WARN_NON_LITERAL_NULL_CONVERSION = YES;
				CLANG_WARN_OBJC_IMPLICIT_RETAIN_SELF = YES;
				CLANG_WARN_OBJC_LITERAL_CONVERSION = YES;
				CLANG_WARN_OBJC_ROOT_CLASS = YES_ERROR;
				CLANG_WARN_QUOTED_INCLUDE_IN_FRAMEWORK_HEADER = YES;
				CLANG_WARN_RANGE_LOOP_ANALYSIS = YES;
				CLANG_WARN_STRICT_PROTOTYPES = YES;
				CLANG_WARN_SUSPICIOUS_MOVE = YES;
				CLANG_WARN_UNGUARDED_AVAILABILITY = YES_AGGRESSIVE;
				CLANG_WARN_UNREACHABLE_CODE = YES;
				CLANG_WARN__DUPLICATE_METHOD_MATCH = YES;
				COPY_PHASE_STRIP = NO;
				DEBUG_INFORMATION_FORMAT = dwarf;
				ENABLE_STRICT_OBJC_MSGSEND = YES;
				ENABLE_TESTABILITY = YES;
				ENABLE_USER_SCRIPT_SANDBOXING = YES;
				GCC_C_LANGUAGE_STANDARD = gnu17;
				GCC_DYNAMIC_NO_PIC = NO;
				GCC_NO_COMMON_BLOCKS = YES;
				GCC_OPTIMIZATION_LEVEL = 0;
				GCC_PREPROCESSOR_DEFINITIONS = (
					"DEBUG=1",
					"$(inherited)",
				);
				GCC_WARN_64_TO_32_BIT_CONVERSION = YES;
				GCC_WARN_ABOUT_RETURN_TYPE = YES_ERROR;
				GCC_WARN_UNDECLARED_SELECTOR = YES;
				GCC_WARN_UNINITIALIZED_AUTOS = YES_AGGRESSIVE;
				GCC_WARN_UNUSED_FUNCTION = YES;
				GCC_WARN_UNUSED_VARIABLE = YES;
				IPHONEOS_DEPLOYMENT_TARGET = 17.2;
				LOCALIZATION_PREFERS_STRING_CATALOGS = YES;
				MTL_ENABLE_DEBUG_INFO = INCLUDE_SOURCE;
				MTL_FAST_MATH = YES;
				ONLY_ACTIVE_ARCH = YES;
				SDKROOT = iphoneos;
				SWIFT_ACTIVE_COMPILATION_CONDITIONS = "DEBUG $(inherited)";
				SWIFT_OPTIMIZATION_LEVEL = "-Onone";
			};
			name = Debug;
		};
		DF943B342B67D56400889651 /* Release */ = {
			isa = XCBuildConfiguration;
			buildSettings = {
				ALWAYS_SEARCH_USER_PATHS = NO;
				ASSETCATALOG_COMPILER_GENERATE_SWIFT_ASSET_SYMBOL_EXTENSIONS = YES;
				CLANG_ANALYZER_NONNULL = YES;
				CLANG_ANALYZER_NUMBER_OBJECT_CONVERSION = YES_AGGRESSIVE;
				CLANG_CXX_LANGUAGE_STANDARD = "gnu++20";
				CLANG_ENABLE_MODULES = YES;
				CLANG_ENABLE_OBJC_ARC = YES;
				CLANG_ENABLE_OBJC_WEAK = YES;
				CLANG_WARN_BLOCK_CAPTURE_AUTORELEASING = YES;
				CLANG_WARN_BOOL_CONVERSION = YES;
				CLANG_WARN_COMMA = YES;
				CLANG_WARN_CONSTANT_CONVERSION = YES;
				CLANG_WARN_DEPRECATED_OBJC_IMPLEMENTATIONS = YES;
				CLANG_WARN_DIRECT_OBJC_ISA_USAGE = YES_ERROR;
				CLANG_WARN_DOCUMENTATION_COMMENTS = YES;
				CLANG_WARN_EMPTY_BODY = YES;
				CLANG_WARN_ENUM_CONVERSION = YES;
				CLANG_WARN_INFINITE_RECURSION = YES;
				CLANG_WARN_INT_CONVERSION = YES;
				CLANG_WARN_NON_LITERAL_NULL_CONVERSION = YES;
				CLANG_WARN_OBJC_IMPLICIT_RETAIN_SELF = YES;
				CLANG_WARN_OBJC_LITERAL_CONVERSION = YES;
				CLANG_WARN_OBJC_ROOT_CLASS = YES_ERROR;
				CLANG_WARN_QUOTED_INCLUDE_IN_FRAMEWORK_HEADER = YES;
				CLANG_WARN_RANGE_LOOP_ANALYSIS = YES;
				CLANG_WARN_STRICT_PROTOTYPES = YES;
				CLANG_WARN_SUSPICIOUS_MOVE = YES;
				CLANG_WARN_UNGUARDED_AVAILABILITY = YES_AGGRESSIVE;
				CLANG_WARN_UNREACHABLE_CODE = YES;
				CLANG_WARN__DUPLICATE_METHOD_MATCH = YES;
				COPY_PHASE_STRIP = NO;
				DEBUG_INFORMATION_FORMAT = "dwarf-with-dsym";
				ENABLE_NS_ASSERTIONS = NO;
				ENABLE_STRICT_OBJC_MSGSEND = YES;
				ENABLE_USER_SCRIPT_SANDBOXING = YES;
				GCC_C_LANGUAGE_STANDARD = gnu17;
				GCC_NO_COMMON_BLOCKS = YES;
				GCC_WARN_64_TO_32_BIT_CONVERSION = YES;
				GCC_WARN_ABOUT_RETURN_TYPE = YES_ERROR;
				GCC_WARN_UNDECLARED_SELECTOR = YES;
				GCC_WARN_UNINITIALIZED_AUTOS = YES_AGGRESSIVE;
				GCC_WARN_UNUSED_FUNCTION = YES;
				GCC_WARN_UNUSED_VARIABLE = YES;
				IPHONEOS_DEPLOYMENT_TARGET = 17.2;
				LOCALIZATION_PREFERS_STRING_CATALOGS = YES;
				MTL_ENABLE_DEBUG_INFO = NO;
				MTL_FAST_MATH = YES;
				SDKROOT = iphoneos;
				SWIFT_COMPILATION_MODE = wholemodule;
				VALIDATE_PRODUCT = YES;
			};
			name = Release;
		};
		DF943B362B67D56400889651 /* Debug */ = {
			isa = XCBuildConfiguration;
			buildSettings = {
				ASSETCATALOG_COMPILER_APPICON_NAME = AppIcon;
				ASSETCATALOG_COMPILER_GLOBAL_ACCENT_COLOR_NAME = AccentColor;
				CODE_SIGN_STYLE = Automatic;
				CURRENT_PROJECT_VERSION = 1;
				DEVELOPMENT_TEAM = BL747HHQK8;
				GENERATE_INFOPLIST_FILE = YES;
				INFOPLIST_FILE = SeSACCodeBaseRecap/Info.plist;
				INFOPLIST_KEY_UIApplicationSupportsIndirectInputEvents = YES;
				INFOPLIST_KEY_UILaunchStoryboardName = LaunchScreen;
				INFOPLIST_KEY_UIMainStoryboardFile = Main;
				INFOPLIST_KEY_UISupportedInterfaceOrientations_iPad = "UIInterfaceOrientationPortrait UIInterfaceOrientationPortraitUpsideDown UIInterfaceOrientationLandscapeLeft UIInterfaceOrientationLandscapeRight";
				INFOPLIST_KEY_UISupportedInterfaceOrientations_iPhone = "UIInterfaceOrientationPortrait UIInterfaceOrientationLandscapeLeft UIInterfaceOrientationLandscapeRight";
				LD_RUNPATH_SEARCH_PATHS = (
					"$(inherited)",
					"@executable_path/Frameworks",
				);
				MARKETING_VERSION = 1.0;
				PRODUCT_BUNDLE_IDENTIFIER = com.melon.SeSACCodeBaseRecap;
				PRODUCT_NAME = "$(TARGET_NAME)";
				SWIFT_EMIT_LOC_STRINGS = YES;
				SWIFT_VERSION = 5.0;
				TARGETED_DEVICE_FAMILY = "1,2";
			};
			name = Debug;
		};
		DF943B372B67D56400889651 /* Release */ = {
			isa = XCBuildConfiguration;
			buildSettings = {
				ASSETCATALOG_COMPILER_APPICON_NAME = AppIcon;
				ASSETCATALOG_COMPILER_GLOBAL_ACCENT_COLOR_NAME = AccentColor;
				CODE_SIGN_STYLE = Automatic;
				CURRENT_PROJECT_VERSION = 1;
				DEVELOPMENT_TEAM = BL747HHQK8;
				GENERATE_INFOPLIST_FILE = YES;
				INFOPLIST_FILE = SeSACCodeBaseRecap/Info.plist;
				INFOPLIST_KEY_UIApplicationSupportsIndirectInputEvents = YES;
				INFOPLIST_KEY_UILaunchStoryboardName = LaunchScreen;
				INFOPLIST_KEY_UIMainStoryboardFile = Main;
				INFOPLIST_KEY_UISupportedInterfaceOrientations_iPad = "UIInterfaceOrientationPortrait UIInterfaceOrientationPortraitUpsideDown UIInterfaceOrientationLandscapeLeft UIInterfaceOrientationLandscapeRight";
				INFOPLIST_KEY_UISupportedInterfaceOrientations_iPhone = "UIInterfaceOrientationPortrait UIInterfaceOrientationLandscapeLeft UIInterfaceOrientationLandscapeRight";
				LD_RUNPATH_SEARCH_PATHS = (
					"$(inherited)",
					"@executable_path/Frameworks",
				);
				MARKETING_VERSION = 1.0;
				PRODUCT_BUNDLE_IDENTIFIER = com.melon.SeSACCodeBaseRecap;
				PRODUCT_NAME = "$(TARGET_NAME)";
				SWIFT_EMIT_LOC_STRINGS = YES;
				SWIFT_VERSION = 5.0;
				TARGETED_DEVICE_FAMILY = "1,2";
			};
			name = Release;
		};
/* End XCBuildConfiguration section */

/* Begin XCConfigurationList section */
		DF943B1C2B67D56200889651 /* Build configuration list for PBXProject "SeSACCodeBaseRecap" */ = {
			isa = XCConfigurationList;
			buildConfigurations = (
				DF943B332B67D56400889651 /* Debug */,
				DF943B342B67D56400889651 /* Release */,
			);
			defaultConfigurationIsVisible = 0;
			defaultConfigurationName = Release;
		};
		DF943B352B67D56400889651 /* Build configuration list for PBXNativeTarget "SeSACCodeBaseRecap" */ = {
			isa = XCConfigurationList;
			buildConfigurations = (
				DF943B362B67D56400889651 /* Debug */,
				DF943B372B67D56400889651 /* Release */,
			);
			defaultConfigurationIsVisible = 0;
			defaultConfigurationName = Release;
		};
/* End XCConfigurationList section */

/* Begin XCRemoteSwiftPackageReference section */
		DF943B442B67DB5400889651 /* XCRemoteSwiftPackageReference "SnapKit" */ = {
			isa = XCRemoteSwiftPackageReference;
			repositoryURL = "https://github.com/SnapKit/SnapKit.git";
			requirement = {
				kind = upToNextMajorVersion;
				minimumVersion = 5.7.0;
			};
		};
/* End XCRemoteSwiftPackageReference section */

/* Begin XCSwiftPackageProductDependency section */
		DF943B452B67DB5400889651 /* SnapKit */ = {
			isa = XCSwiftPackageProductDependency;
			package = DF943B442B67DB5400889651 /* XCRemoteSwiftPackageReference "SnapKit" */;
			productName = SnapKit;
		};
		DF943B472B67DB5400889651 /* SnapKit-Dynamic */ = {
			isa = XCSwiftPackageProductDependency;
			package = DF943B442B67DB5400889651 /* XCRemoteSwiftPackageReference "SnapKit" */;
			productName = "SnapKit-Dynamic";
		};
/* End XCSwiftPackageProductDependency section */
	};
	rootObject = DF943B192B67D56200889651 /* Project object */;
}
